// !$*UTF8*$!
{
	archiveVersion = 1;
	classes = {
	};
	objectVersion = 46;
	objects = {

/* Begin PBXBuildFile section */
		914BB29415746A6B009FFBAE /* UIKit.framework in Frameworks */ = {isa = PBXBuildFile; fileRef = 914BB29315746A6B009FFBAE /* UIKit.framework */; };
		914BB29615746A6B009FFBAE /* Foundation.framework in Frameworks */ = {isa = PBXBuildFile; fileRef = 914BB29515746A6B009FFBAE /* Foundation.framework */; };
		914BB29815746A6B009FFBAE /* CoreGraphics.framework in Frameworks */ = {isa = PBXBuildFile; fileRef = 914BB29715746A6B009FFBAE /* CoreGraphics.framework */; };
		914BB29E15746A6B009FFBAE /* InfoPlist.strings in Resources */ = {isa = PBXBuildFile; fileRef = 914BB29C15746A6B009FFBAE /* InfoPlist.strings */; };
		914BB2A015746A6B009FFBAE /* main.m in Sources */ = {isa = PBXBuildFile; fileRef = 914BB29F15746A6B009FFBAE /* main.m */; };
		914BB2A415746A6B009FFBAE /* exproposAppDelegate.m in Sources */ = {isa = PBXBuildFile; fileRef = 914BB2A315746A6B009FFBAE /* exproposAppDelegate.m */; };
		914BB2A715746A6C009FFBAE /* MainStoryboard.storyboard in Resources */ = {isa = PBXBuildFile; fileRef = 914BB2A515746A6B009FFBAE /* MainStoryboard.storyboard */; };
		914BB2AA15746A6C009FFBAE /* exproposViewController.m in Sources */ = {isa = PBXBuildFile; fileRef = 914BB2A915746A6C009FFBAE /* exproposViewController.m */; };
/* End PBXBuildFile section */

/* Begin PBXFileReference section */
		914BB28F15746A6B009FFBAE /* expropos.app */ = {isa = PBXFileReference; explicitFileType = wrapper.application; includeInIndex = 0; path = expropos.app; sourceTree = BUILT_PRODUCTS_DIR; };
		914BB29315746A6B009FFBAE /* UIKit.framework */ = {isa = PBXFileReference; lastKnownFileType = wrapper.framework; name = UIKit.framework; path = System/Library/Frameworks/UIKit.framework; sourceTree = SDKROOT; };
		914BB29515746A6B009FFBAE /* Foundation.framework */ = {isa = PBXFileReference; lastKnownFileType = wrapper.framework; name = Foundation.framework; path = System/Library/Frameworks/Foundation.framework; sourceTree = SDKROOT; };
		914BB29715746A6B009FFBAE /* CoreGraphics.framework */ = {isa = PBXFileReference; lastKnownFileType = wrapper.framework; name = CoreGraphics.framework; path = System/Library/Frameworks/CoreGraphics.framework; sourceTree = SDKROOT; };
		914BB29B15746A6B009FFBAE /* expropos-Info.plist */ = {isa = PBXFileReference; lastKnownFileType = text.plist.xml; path = "expropos-Info.plist"; sourceTree = "<group>"; };
		914BB29D15746A6B009FFBAE /* en */ = {isa = PBXFileReference; lastKnownFileType = text.plist.strings; name = en; path = en.lproj/InfoPlist.strings; sourceTree = "<group>"; };
		914BB29F15746A6B009FFBAE /* main.m */ = {isa = PBXFileReference; lastKnownFileType = sourcecode.c.objc; path = main.m; sourceTree = "<group>"; };
		914BB2A115746A6B009FFBAE /* expropos-Prefix.pch */ = {isa = PBXFileReference; lastKnownFileType = sourcecode.c.h; path = "expropos-Prefix.pch"; sourceTree = "<group>"; };
		914BB2A215746A6B009FFBAE /* exproposAppDelegate.h */ = {isa = PBXFileReference; lastKnownFileType = sourcecode.c.h; path = exproposAppDelegate.h; sourceTree = "<group>"; };
		914BB2A315746A6B009FFBAE /* exproposAppDelegate.m */ = {isa = PBXFileReference; lastKnownFileType = sourcecode.c.objc; path = exproposAppDelegate.m; sourceTree = "<group>"; };
		914BB2A615746A6C009FFBAE /* en */ = {isa = PBXFileReference; lastKnownFileType = file.storyboard; name = en; path = en.lproj/MainStoryboard.storyboard; sourceTree = "<group>"; };
		914BB2A815746A6C009FFBAE /* exproposViewController.h */ = {isa = PBXFileReference; lastKnownFileType = sourcecode.c.h; path = exproposViewController.h; sourceTree = "<group>"; };
		914BB2A915746A6C009FFBAE /* exproposViewController.m */ = {isa = PBXFileReference; lastKnownFileType = sourcecode.c.objc; path = exproposViewController.m; sourceTree = "<group>"; };
/* End PBXFileReference section */

/* Begin PBXFrameworksBuildPhase section */
		914BB28C15746A6B009FFBAE /* Frameworks */ = {
			isa = PBXFrameworksBuildPhase;
			buildActionMask = 2147483647;
			files = (
				914BB29415746A6B009FFBAE /* UIKit.framework in Frameworks */,
				914BB29615746A6B009FFBAE /* Foundation.framework in Frameworks */,
				914BB29815746A6B009FFBAE /* CoreGraphics.framework in Frameworks */,
			);
			runOnlyForDeploymentPostprocessing = 0;
		};
/* End PBXFrameworksBuildPhase section */

/* Begin PBXGroup section */
		914BB28415746A6B009FFBAE = {
			isa = PBXGroup;
			children = (
				914BB29915746A6B009FFBAE /* expropos */,
				914BB29215746A6B009FFBAE /* Frameworks */,
				914BB29015746A6B009FFBAE /* Products */,
			);
			sourceTree = "<group>";
		};
		914BB29015746A6B009FFBAE /* Products */ = {
			isa = PBXGroup;
			children = (
				914BB28F15746A6B009FFBAE /* expropos.app */,
			);
			name = Products;
			sourceTree = "<group>";
		};
		914BB29215746A6B009FFBAE /* Frameworks */ = {
			isa = PBXGroup;
			children = (
				914BB29315746A6B009FFBAE /* UIKit.framework */,
				914BB29515746A6B009FFBAE /* Foundation.framework */,
				914BB29715746A6B009FFBAE /* CoreGraphics.framework */,
			);
			name = Frameworks;
			sourceTree = "<group>";
		};
		914BB29915746A6B009FFBAE /* expropos */ = {
			isa = PBXGroup;
			children = (
				914BB2A215746A6B009FFBAE /* exproposAppDelegate.h */,
				914BB2A315746A6B009FFBAE /* exproposAppDelegate.m */,
				914BB2A515746A6B009FFBAE /* MainStoryboard.storyboard */,
				914BB2A815746A6C009FFBAE /* exproposViewController.h */,
				914BB2A915746A6C009FFBAE /* exproposViewController.m */,
				914BB29A15746A6B009FFBAE /* Supporting Files */,
			);
			path = expropos;
			sourceTree = "<group>";
		};
		914BB29A15746A6B009FFBAE /* Supporting Files */ = {
			isa = PBXGroup;
			children = (
				914BB29B15746A6B009FFBAE /* expropos-Info.plist */,
				914BB29C15746A6B009FFBAE /* InfoPlist.strings */,
				914BB29F15746A6B009FFBAE /* main.m */,
				914BB2A115746A6B009FFBAE /* expropos-Prefix.pch */,
			);
			name = "Supporting Files";
			sourceTree = "<group>";
		};
/* End PBXGroup section */

/* Begin PBXNativeTarget section */
		914BB28E15746A6B009FFBAE /* expropos */ = {
			isa = PBXNativeTarget;
			buildConfigurationList = 914BB2AD15746A6C009FFBAE /* Build configuration list for PBXNativeTarget "expropos" */;
			buildPhases = (
				914BB28B15746A6B009FFBAE /* Sources */,
				914BB28C15746A6B009FFBAE /* Frameworks */,
				914BB28D15746A6B009FFBAE /* Resources */,
			);
			buildRules = (
			);
			dependencies = (
			);
			name = expropos;
			productName = expropos;
			productReference = 914BB28F15746A6B009FFBAE /* expropos.app */;
			productType = "com.apple.product-type.application";
		};
/* End PBXNativeTarget section */

/* Begin PBXProject section */
		914BB28615746A6B009FFBAE /* Project object */ = {
			isa = PBXProject;
			attributes = {
				CLASSPREFIX = expropos;
				LastUpgradeCheck = 0430;
			};
			buildConfigurationList = 914BB28915746A6B009FFBAE /* Build configuration list for PBXProject "expropos" */;
			compatibilityVersion = "Xcode 3.2";
			developmentRegion = English;
			hasScannedForEncodings = 0;
			knownRegions = (
				en,
			);
			mainGroup = 914BB28415746A6B009FFBAE;
			productRefGroup = 914BB29015746A6B009FFBAE /* Products */;
			projectDirPath = "";
			projectRoot = "";
			targets = (
				914BB28E15746A6B009FFBAE /* expropos */,
			);
		};
/* End PBXProject section */

/* Begin PBXResourcesBuildPhase section */
		914BB28D15746A6B009FFBAE /* Resources */ = {
			isa = PBXResourcesBuildPhase;
			buildActionMask = 2147483647;
			files = (
				914BB29E15746A6B009FFBAE /* InfoPlist.strings in Resources */,
				914BB2A715746A6C009FFBAE /* MainStoryboard.storyboard in Resources */,
			);
			runOnlyForDeploymentPostprocessing = 0;
		};
/* End PBXResourcesBuildPhase section */

/* Begin PBXSourcesBuildPhase section */
		914BB28B15746A6B009FFBAE /* Sources */ = {
			isa = PBXSourcesBuildPhase;
			buildActionMask = 2147483647;
			files = (
				914BB2A015746A6B009FFBAE /* main.m in Sources */,
				914BB2A415746A6B009FFBAE /* exproposAppDelegate.m in Sources */,
				914BB2AA15746A6C009FFBAE /* exproposViewController.m in Sources */,
			);
			runOnlyForDeploymentPostprocessing = 0;
		};
/* End PBXSourcesBuildPhase section */

/* Begin PBXVariantGroup section */
		914BB29C15746A6B009FFBAE /* InfoPlist.strings */ = {
			isa = PBXVariantGroup;
			children = (
				914BB29D15746A6B009FFBAE /* en */,
			);
			name = InfoPlist.strings;
			sourceTree = "<group>";
		};
		914BB2A515746A6B009FFBAE /* MainStoryboard.storyboard */ = {
			isa = PBXVariantGroup;
			children = (
				914BB2A615746A6C009FFBAE /* en */,
			);
			name = MainStoryboard.storyboard;
			sourceTree = "<group>";
		};
/* End PBXVariantGroup section */

/* Begin XCBuildConfiguration section */
		914BB2AB15746A6C009FFBAE /* Debug */ = {
			isa = XCBuildConfiguration;
			buildSettings = {
				ALWAYS_SEARCH_USER_PATHS = NO;
				ARCHS = "$(ARCHS_STANDARD_32_BIT)";
				CLANG_ENABLE_OBJC_ARC = YES;
				"CODE_SIGN_IDENTITY[sdk=iphoneos*]" = "iPhone Developer";
				COPY_PHASE_STRIP = NO;
				GCC_C_LANGUAGE_STANDARD = gnu99;
				GCC_DYNAMIC_NO_PIC = NO;
				GCC_OPTIMIZATION_LEVEL = 0;
				GCC_PREPROCESSOR_DEFINITIONS = (
					"DEBUG=1",
					"$(inherited)",
				);
				GCC_SYMBOLS_PRIVATE_EXTERN = NO;
				GCC_VERSION = com.apple.compilers.llvm.clang.1_0;
				GCC_WARN_ABOUT_RETURN_TYPE = YES;
				GCC_WARN_UNINITIALIZED_AUTOS = YES;
				GCC_WARN_UNUSED_VARIABLE = YES;
				IPHONEOS_DEPLOYMENT_TARGET = 5.1;
				SDKROOT = iphoneos;
				TARGETED_DEVICE_FAMILY = 2;
			};
			name = Debug;
		};
		914BB2AC15746A6C009FFBAE /* Release */ = {
			isa = XCBuildConfiguration;
			buildSettings = {
				ALWAYS_SEARCH_USER_PATHS = NO;
				ARCHS = "$(ARCHS_STANDARD_32_BIT)";
				CLANG_ENABLE_OBJC_ARC = YES;
				"CODE_SIGN_IDENTITY[sdk=iphoneos*]" = "iPhone Developer";
				COPY_PHASE_STRIP = YES;
				GCC_C_LANGUAGE_STANDARD = gnu99;
				GCC_VERSION = com.apple.compilers.llvm.clang.1_0;
				GCC_WARN_ABOUT_RETURN_TYPE = YES;
				GCC_WARN_UNINITIALIZED_AUTOS = YES;
				GCC_WARN_UNUSED_VARIABLE = YES;
				IPHONEOS_DEPLOYMENT_TARGET = 5.1;
				OTHER_CFLAGS = "-DNS_BLOCK_ASSERTIONS=1";
				SDKROOT = iphoneos;
				TARGETED_DEVICE_FAMILY = 2;
				VALIDATE_PRODUCT = YES;
			};
			name = Release;
		};
		914BB2AE15746A6C009FFBAE /* Debug */ = {
			isa = XCBuildConfiguration;
			buildSettings = {
				GCC_PRECOMPILE_PREFIX_HEADER = YES;
				GCC_PREFIX_HEADER = "expropos/expropos-Prefix.pch";
				INFOPLIST_FILE = "expropos/expropos-Info.plist";
				PRODUCT_NAME = "$(TARGET_NAME)";
				WRAPPER_EXTENSION = app;
			};
			name = Debug;
		};
		914BB2AF15746A6C009FFBAE /* Release */ = {
			isa = XCBuildConfiguration;
			buildSettings = {
				GCC_PRECOMPILE_PREFIX_HEADER = YES;
				GCC_PREFIX_HEADER = "expropos/expropos-Prefix.pch";
				INFOPLIST_FILE = "expropos/expropos-Info.plist";
				PRODUCT_NAME = "$(TARGET_NAME)";
				WRAPPER_EXTENSION = app;
			};
			name = Release;
		};
/* End XCBuildConfiguration section */

/* Begin XCConfigurationList section */
		914BB28915746A6B009FFBAE /* Build configuration list for PBXProject "expropos" */ = {
			isa = XCConfigurationList;
			buildConfigurations = (
				914BB2AB15746A6C009FFBAE /* Debug */,
				914BB2AC15746A6C009FFBAE /* Release */,
			);
			defaultConfigurationIsVisible = 0;
			defaultConfigurationName = Release;
		};
		914BB2AD15746A6C009FFBAE /* Build configuration list for PBXNativeTarget "expropos" */ = {
			isa = XCConfigurationList;
			buildConfigurations = (
				914BB2AE15746A6C009FFBAE /* Debug */,
				914BB2AF15746A6C009FFBAE /* Release */,
			);
			defaultConfigurationIsVisible = 0;
		};
/* End XCConfigurationList section */
	};
	rootObject = 914BB28615746A6B009FFBAE /* Project object */;
}
