// !$*UTF8*$!
{
	archiveVersion = 1;
	classes = {
	};
	objectVersion = 46;
	objects = {

/* Begin PBXBuildFile section */
		911561CC15872E4D007CE064 /* ExproMerchant.m in Sources */ = {isa = PBXBuildFile; fileRef = 911561CB15872E4D007CE064 /* ExproMerchant.m */; };
		911561CF15872E4D007CE064 /* ExproStore.m in Sources */ = {isa = PBXBuildFile; fileRef = 911561CE15872E4D007CE064 /* ExproStore.m */; };
		9120E1941574C25700400D05 /* exproposMainViewController.m in Sources */ = {isa = PBXBuildFile; fileRef = 9120E1931574C25700400D05 /* exproposMainViewController.m */; };
		914BA6A015870A9E00D6028D /* ExproUser.m in Sources */ = {isa = PBXBuildFile; fileRef = 914BA69F15870A9E00D6028D /* ExproUser.m */; };
		914BA6A315870A9E00D6028D /* ExproDealItem.m in Sources */ = {isa = PBXBuildFile; fileRef = 914BA6A215870A9E00D6028D /* ExproDealItem.m */; };
		914BA6A915870A9E00D6028D /* ExproGoods.m in Sources */ = {isa = PBXBuildFile; fileRef = 914BA6A815870A9E00D6028D /* ExproGoods.m */; };
		914BA6AC15870A9E00D6028D /* ExproDeal.m in Sources */ = {isa = PBXBuildFile; fileRef = 914BA6AB15870A9E00D6028D /* ExproDeal.m */; };
		914BA6AF15870A9E00D6028D /* ExproWarehouse.m in Sources */ = {isa = PBXBuildFile; fileRef = 914BA6AE15870A9E00D6028D /* ExproWarehouse.m */; };
		914BA6B215870A9F00D6028D /* ExproRole.m in Sources */ = {isa = PBXBuildFile; fileRef = 914BA6B115870A9F00D6028D /* ExproRole.m */; };
		914BA6B515870A9F00D6028D /* ExproWarehouseWarrantItem.m in Sources */ = {isa = PBXBuildFile; fileRef = 914BA6B415870A9F00D6028D /* ExproWarehouseWarrantItem.m */; };
		914BA6B815870A9F00D6028D /* ExproGoodsType.m in Sources */ = {isa = PBXBuildFile; fileRef = 914BA6B715870A9F00D6028D /* ExproGoodsType.m */; };
		914BA6BB15870A9F00D6028D /* ExproMember.m in Sources */ = {isa = PBXBuildFile; fileRef = 914BA6BA15870A9F00D6028D /* ExproMember.m */; };
		914BA6BE15870A9F00D6028D /* ExproRouteTable.m in Sources */ = {isa = PBXBuildFile; fileRef = 914BA6BD15870A9F00D6028D /* ExproRouteTable.m */; };
		914BA6C115870A9F00D6028D /* ExproWarehouseWarrant.m in Sources */ = {isa = PBXBuildFile; fileRef = 914BA6C015870A9F00D6028D /* ExproWarehouseWarrant.m */; };
		914BB29415746A6B009FFBAE /* UIKit.framework in Frameworks */ = {isa = PBXBuildFile; fileRef = 914BB29315746A6B009FFBAE /* UIKit.framework */; };
		914BB29615746A6B009FFBAE /* Foundation.framework in Frameworks */ = {isa = PBXBuildFile; fileRef = 914BB29515746A6B009FFBAE /* Foundation.framework */; };
		914BB29815746A6B009FFBAE /* CoreGraphics.framework in Frameworks */ = {isa = PBXBuildFile; fileRef = 914BB29715746A6B009FFBAE /* CoreGraphics.framework */; };
		914BB29E15746A6B009FFBAE /* InfoPlist.strings in Resources */ = {isa = PBXBuildFile; fileRef = 914BB29C15746A6B009FFBAE /* InfoPlist.strings */; };
		914BB2A015746A6B009FFBAE /* main.m in Sources */ = {isa = PBXBuildFile; fileRef = 914BB29F15746A6B009FFBAE /* main.m */; };
		914BB2A415746A6B009FFBAE /* exproposAppDelegate.m in Sources */ = {isa = PBXBuildFile; fileRef = 914BB2A315746A6B009FFBAE /* exproposAppDelegate.m */; };
		914BB2A715746A6C009FFBAE /* MainStoryboard.storyboard in Resources */ = {isa = PBXBuildFile; fileRef = 914BB2A515746A6B009FFBAE /* MainStoryboard.storyboard */; };
		914BB2AA15746A6C009FFBAE /* exproposViewController.m in Sources */ = {isa = PBXBuildFile; fileRef = 914BB2A915746A6C009FFBAE /* exproposViewController.m */; };
		914BB2B51574766D009FFBAE /* README.md in Resources */ = {isa = PBXBuildFile; fileRef = 914BB2B41574766D009FFBAE /* README.md */; };
		9166741A1588651100D8A584 /* RKSeedDatabase.sqlite in Resources */ = {isa = PBXBuildFile; fileRef = 916674191588651100D8A584 /* RKSeedDatabase.sqlite */; };
		917EFB9C1574B1EB006D9B03 /* libRestKit.a in Frameworks */ = {isa = PBXBuildFile; fileRef = 917EFB901574B0B2006D9B03 /* libRestKit.a */; };
		917EFB9E1574B22F006D9B03 /* CFNetwork.framework in Frameworks */ = {isa = PBXBuildFile; fileRef = 917EFB9D1574B22F006D9B03 /* CFNetwork.framework */; };
		917EFBA01574B23F006D9B03 /* CoreData.framework in Frameworks */ = {isa = PBXBuildFile; fileRef = 917EFB9F1574B23F006D9B03 /* CoreData.framework */; };
		917EFBA21574B251006D9B03 /* MobileCoreServices.framework in Frameworks */ = {isa = PBXBuildFile; fileRef = 917EFBA11574B251006D9B03 /* MobileCoreServices.framework */; };
		917EFBA41574B25E006D9B03 /* Security.framework in Frameworks */ = {isa = PBXBuildFile; fileRef = 917EFBA31574B25E006D9B03 /* Security.framework */; };
		917EFBA61574B269006D9B03 /* SystemConfiguration.framework in Frameworks */ = {isa = PBXBuildFile; fileRef = 917EFBA51574B269006D9B03 /* SystemConfiguration.framework */; };
		917EFBA81574B285006D9B03 /* QuartzCore.framework in Frameworks */ = {isa = PBXBuildFile; fileRef = 917EFBA71574B285006D9B03 /* QuartzCore.framework */; };
		917EFBAA1574B295006D9B03 /* libxml2.dylib in Frameworks */ = {isa = PBXBuildFile; fileRef = 917EFBA91574B295006D9B03 /* libxml2.dylib */; };
		918848601588448C0028B1AE /* exproposRestkit.m in Sources */ = {isa = PBXBuildFile; fileRef = 9188485F1588448C0028B1AE /* exproposRestkit.m */; };
		91E1C8EA1581F1A80003B22D /* expropos.xcdatamodeld in Sources */ = {isa = PBXBuildFile; fileRef = 91E1C8E81581F1A80003B22D /* expropos.xcdatamodeld */; };
/* End PBXBuildFile section */

/* Begin PBXContainerItemProxy section */
		917EFB8F1574B0B2006D9B03 /* PBXContainerItemProxy */ = {
			isa = PBXContainerItemProxy;
			containerPortal = 917EFB841574B0B1006D9B03 /* RestKit.xcodeproj */;
			proxyType = 2;
			remoteGlobalIDString = 25160D1614564E810060A5C5;
			remoteInfo = RestKit;
		};
		917EFB911574B0B2006D9B03 /* PBXContainerItemProxy */ = {
			isa = PBXContainerItemProxy;
			containerPortal = 917EFB841574B0B1006D9B03 /* RestKit.xcodeproj */;
			proxyType = 2;
			remoteGlobalIDString = 25160D2614564E820060A5C5;
			remoteInfo = RestKitTests;
		};
		917EFB931574B0B2006D9B03 /* PBXContainerItemProxy */ = {
			isa = PBXContainerItemProxy;
			containerPortal = 917EFB841574B0B1006D9B03 /* RestKit.xcodeproj */;
			proxyType = 2;
			remoteGlobalIDString = 25160E62145651060060A5C5;
			remoteInfo = RestKitFramework;
		};
		917EFB951574B0B2006D9B03 /* PBXContainerItemProxy */ = {
			isa = PBXContainerItemProxy;
			containerPortal = 917EFB841574B0B1006D9B03 /* RestKit.xcodeproj */;
			proxyType = 2;
			remoteGlobalIDString = 25160E78145651060060A5C5;
			remoteInfo = RestKitFrameworkTests;
		};
		917EFB971574B0B2006D9B03 /* PBXContainerItemProxy */ = {
			isa = PBXContainerItemProxy;
			containerPortal = 917EFB841574B0B1006D9B03 /* RestKit.xcodeproj */;
			proxyType = 2;
			remoteGlobalIDString = 259C301615128079003066A2;
			remoteInfo = RestKitResources;
		};
		917EFB9A1574B1BC006D9B03 /* PBXContainerItemProxy */ = {
			isa = PBXContainerItemProxy;
			containerPortal = 917EFB841574B0B1006D9B03 /* RestKit.xcodeproj */;
			proxyType = 1;
			remoteGlobalIDString = 25160D1514564E810060A5C5;
			remoteInfo = RestKit;
		};
/* End PBXContainerItemProxy section */

/* Begin PBXFileReference section */
		911561CA15872E4D007CE064 /* ExproMerchant.h */ = {isa = PBXFileReference; fileEncoding = 4; lastKnownFileType = sourcecode.c.h; name = ExproMerchant.h; path = expropos/ExproMerchant.h; sourceTree = "<group>"; };
		911561CB15872E4D007CE064 /* ExproMerchant.m */ = {isa = PBXFileReference; fileEncoding = 4; lastKnownFileType = sourcecode.c.objc; name = ExproMerchant.m; path = expropos/ExproMerchant.m; sourceTree = "<group>"; };
		911561CD15872E4D007CE064 /* ExproStore.h */ = {isa = PBXFileReference; fileEncoding = 4; lastKnownFileType = sourcecode.c.h; name = ExproStore.h; path = expropos/ExproStore.h; sourceTree = "<group>"; };
		911561CE15872E4D007CE064 /* ExproStore.m */ = {isa = PBXFileReference; fileEncoding = 4; lastKnownFileType = sourcecode.c.objc; name = ExproStore.m; path = expropos/ExproStore.m; sourceTree = "<group>"; };
		9120E1921574C25700400D05 /* exproposMainViewController.h */ = {isa = PBXFileReference; fileEncoding = 4; lastKnownFileType = sourcecode.c.h; path = exproposMainViewController.h; sourceTree = "<group>"; };
		9120E1931574C25700400D05 /* exproposMainViewController.m */ = {isa = PBXFileReference; fileEncoding = 4; lastKnownFileType = sourcecode.c.objc; path = exproposMainViewController.m; sourceTree = "<group>"; };
		914BA69E15870A9E00D6028D /* ExproUser.h */ = {isa = PBXFileReference; fileEncoding = 4; lastKnownFileType = sourcecode.c.h; name = ExproUser.h; path = expropos/ExproUser.h; sourceTree = "<group>"; };
		914BA69F15870A9E00D6028D /* ExproUser.m */ = {isa = PBXFileReference; fileEncoding = 4; lastKnownFileType = sourcecode.c.objc; name = ExproUser.m; path = expropos/ExproUser.m; sourceTree = "<group>"; };
		914BA6A115870A9E00D6028D /* ExproDealItem.h */ = {isa = PBXFileReference; fileEncoding = 4; lastKnownFileType = sourcecode.c.h; name = ExproDealItem.h; path = expropos/ExproDealItem.h; sourceTree = "<group>"; };
		914BA6A215870A9E00D6028D /* ExproDealItem.m */ = {isa = PBXFileReference; fileEncoding = 4; lastKnownFileType = sourcecode.c.objc; name = ExproDealItem.m; path = expropos/ExproDealItem.m; sourceTree = "<group>"; };
		914BA6A715870A9E00D6028D /* ExproGoods.h */ = {isa = PBXFileReference; fileEncoding = 4; lastKnownFileType = sourcecode.c.h; name = ExproGoods.h; path = expropos/ExproGoods.h; sourceTree = "<group>"; };
		914BA6A815870A9E00D6028D /* ExproGoods.m */ = {isa = PBXFileReference; fileEncoding = 4; lastKnownFileType = sourcecode.c.objc; name = ExproGoods.m; path = expropos/ExproGoods.m; sourceTree = "<group>"; };
		914BA6AA15870A9E00D6028D /* ExproDeal.h */ = {isa = PBXFileReference; fileEncoding = 4; lastKnownFileType = sourcecode.c.h; name = ExproDeal.h; path = expropos/ExproDeal.h; sourceTree = "<group>"; };
		914BA6AB15870A9E00D6028D /* ExproDeal.m */ = {isa = PBXFileReference; fileEncoding = 4; lastKnownFileType = sourcecode.c.objc; name = ExproDeal.m; path = expropos/ExproDeal.m; sourceTree = "<group>"; };
		914BA6AD15870A9E00D6028D /* ExproWarehouse.h */ = {isa = PBXFileReference; fileEncoding = 4; lastKnownFileType = sourcecode.c.h; name = ExproWarehouse.h; path = expropos/ExproWarehouse.h; sourceTree = "<group>"; };
		914BA6AE15870A9E00D6028D /* ExproWarehouse.m */ = {isa = PBXFileReference; fileEncoding = 4; lastKnownFileType = sourcecode.c.objc; name = ExproWarehouse.m; path = expropos/ExproWarehouse.m; sourceTree = "<group>"; };
		914BA6B015870A9F00D6028D /* ExproRole.h */ = {isa = PBXFileReference; fileEncoding = 4; lastKnownFileType = sourcecode.c.h; name = ExproRole.h; path = expropos/ExproRole.h; sourceTree = "<group>"; };
		914BA6B115870A9F00D6028D /* ExproRole.m */ = {isa = PBXFileReference; fileEncoding = 4; lastKnownFileType = sourcecode.c.objc; name = ExproRole.m; path = expropos/ExproRole.m; sourceTree = "<group>"; };
		914BA6B315870A9F00D6028D /* ExproWarehouseWarrantItem.h */ = {isa = PBXFileReference; fileEncoding = 4; lastKnownFileType = sourcecode.c.h; name = ExproWarehouseWarrantItem.h; path = expropos/ExproWarehouseWarrantItem.h; sourceTree = "<group>"; };
		914BA6B415870A9F00D6028D /* ExproWarehouseWarrantItem.m */ = {isa = PBXFileReference; fileEncoding = 4; lastKnownFileType = sourcecode.c.objc; name = ExproWarehouseWarrantItem.m; path = expropos/ExproWarehouseWarrantItem.m; sourceTree = "<group>"; };
		914BA6B615870A9F00D6028D /* ExproGoodsType.h */ = {isa = PBXFileReference; fileEncoding = 4; lastKnownFileType = sourcecode.c.h; name = ExproGoodsType.h; path = expropos/ExproGoodsType.h; sourceTree = "<group>"; };
		914BA6B715870A9F00D6028D /* ExproGoodsType.m */ = {isa = PBXFileReference; fileEncoding = 4; lastKnownFileType = sourcecode.c.objc; name = ExproGoodsType.m; path = expropos/ExproGoodsType.m; sourceTree = "<group>"; };
		914BA6B915870A9F00D6028D /* ExproMember.h */ = {isa = PBXFileReference; fileEncoding = 4; lastKnownFileType = sourcecode.c.h; name = ExproMember.h; path = expropos/ExproMember.h; sourceTree = "<group>"; };
		914BA6BA15870A9F00D6028D /* ExproMember.m */ = {isa = PBXFileReference; fileEncoding = 4; lastKnownFileType = sourcecode.c.objc; name = ExproMember.m; path = expropos/ExproMember.m; sourceTree = "<group>"; };
		914BA6BC15870A9F00D6028D /* ExproRouteTable.h */ = {isa = PBXFileReference; fileEncoding = 4; lastKnownFileType = sourcecode.c.h; name = ExproRouteTable.h; path = expropos/ExproRouteTable.h; sourceTree = "<group>"; };
		914BA6BD15870A9F00D6028D /* ExproRouteTable.m */ = {isa = PBXFileReference; fileEncoding = 4; lastKnownFileType = sourcecode.c.objc; name = ExproRouteTable.m; path = expropos/ExproRouteTable.m; sourceTree = "<group>"; };
		914BA6BF15870A9F00D6028D /* ExproWarehouseWarrant.h */ = {isa = PBXFileReference; fileEncoding = 4; lastKnownFileType = sourcecode.c.h; name = ExproWarehouseWarrant.h; path = expropos/ExproWarehouseWarrant.h; sourceTree = "<group>"; };
		914BA6C015870A9F00D6028D /* ExproWarehouseWarrant.m */ = {isa = PBXFileReference; fileEncoding = 4; lastKnownFileType = sourcecode.c.objc; name = ExproWarehouseWarrant.m; path = expropos/ExproWarehouseWarrant.m; sourceTree = "<group>"; };
		914BB28F15746A6B009FFBAE /* expropos.app */ = {isa = PBXFileReference; explicitFileType = wrapper.application; includeInIndex = 0; path = expropos.app; sourceTree = BUILT_PRODUCTS_DIR; };
		914BB29315746A6B009FFBAE /* UIKit.framework */ = {isa = PBXFileReference; lastKnownFileType = wrapper.framework; name = UIKit.framework; path = System/Library/Frameworks/UIKit.framework; sourceTree = SDKROOT; };
		914BB29515746A6B009FFBAE /* Foundation.framework */ = {isa = PBXFileReference; lastKnownFileType = wrapper.framework; name = Foundation.framework; path = System/Library/Frameworks/Foundation.framework; sourceTree = SDKROOT; };
		914BB29715746A6B009FFBAE /* CoreGraphics.framework */ = {isa = PBXFileReference; lastKnownFileType = wrapper.framework; name = CoreGraphics.framework; path = System/Library/Frameworks/CoreGraphics.framework; sourceTree = SDKROOT; };
		914BB29B15746A6B009FFBAE /* expropos-Info.plist */ = {isa = PBXFileReference; lastKnownFileType = text.plist.xml; path = "expropos-Info.plist"; sourceTree = "<group>"; };
		914BB29D15746A6B009FFBAE /* en */ = {isa = PBXFileReference; lastKnownFileType = text.plist.strings; name = en; path = en.lproj/InfoPlist.strings; sourceTree = "<group>"; };
		914BB29F15746A6B009FFBAE /* main.m */ = {isa = PBXFileReference; lastKnownFileType = sourcecode.c.objc; path = main.m; sourceTree = "<group>"; };
		914BB2A115746A6B009FFBAE /* expropos-Prefix.pch */ = {isa = PBXFileReference; lastKnownFileType = sourcecode.c.h; path = "expropos-Prefix.pch"; sourceTree = "<group>"; };
		914BB2A215746A6B009FFBAE /* exproposAppDelegate.h */ = {isa = PBXFileReference; lastKnownFileType = sourcecode.c.h; path = exproposAppDelegate.h; sourceTree = "<group>"; };
		914BB2A315746A6B009FFBAE /* exproposAppDelegate.m */ = {isa = PBXFileReference; lastKnownFileType = sourcecode.c.objc; path = exproposAppDelegate.m; sourceTree = "<group>"; };
		914BB2A615746A6C009FFBAE /* en */ = {isa = PBXFileReference; lastKnownFileType = file.storyboard; name = en; path = en.lproj/MainStoryboard.storyboard; sourceTree = "<group>"; };
		914BB2A815746A6C009FFBAE /* exproposViewController.h */ = {isa = PBXFileReference; lastKnownFileType = sourcecode.c.h; path = exproposViewController.h; sourceTree = "<group>"; };
		914BB2A915746A6C009FFBAE /* exproposViewController.m */ = {isa = PBXFileReference; lastKnownFileType = sourcecode.c.objc; path = exproposViewController.m; sourceTree = "<group>"; };
		914BB2B41574766D009FFBAE /* README.md */ = {isa = PBXFileReference; fileEncoding = 4; lastKnownFileType = text; path = README.md; sourceTree = SOURCE_ROOT; };
		916674191588651100D8A584 /* RKSeedDatabase.sqlite */ = {isa = PBXFileReference; fileEncoding = 4; lastKnownFileType = text; path = RKSeedDatabase.sqlite; sourceTree = "<group>"; };
		917EFB841574B0B1006D9B03 /* RestKit.xcodeproj */ = {isa = PBXFileReference; lastKnownFileType = "wrapper.pb-project"; name = RestKit.xcodeproj; path = RestKit/RestKit.xcodeproj; sourceTree = "<group>"; };
		917EFB9D1574B22F006D9B03 /* CFNetwork.framework */ = {isa = PBXFileReference; lastKnownFileType = wrapper.framework; name = CFNetwork.framework; path = System/Library/Frameworks/CFNetwork.framework; sourceTree = SDKROOT; };
		917EFB9F1574B23F006D9B03 /* CoreData.framework */ = {isa = PBXFileReference; lastKnownFileType = wrapper.framework; name = CoreData.framework; path = System/Library/Frameworks/CoreData.framework; sourceTree = SDKROOT; };
		917EFBA11574B251006D9B03 /* MobileCoreServices.framework */ = {isa = PBXFileReference; lastKnownFileType = wrapper.framework; name = MobileCoreServices.framework; path = System/Library/Frameworks/MobileCoreServices.framework; sourceTree = SDKROOT; };
		917EFBA31574B25E006D9B03 /* Security.framework */ = {isa = PBXFileReference; lastKnownFileType = wrapper.framework; name = Security.framework; path = System/Library/Frameworks/Security.framework; sourceTree = SDKROOT; };
		917EFBA51574B269006D9B03 /* SystemConfiguration.framework */ = {isa = PBXFileReference; lastKnownFileType = wrapper.framework; name = SystemConfiguration.framework; path = System/Library/Frameworks/SystemConfiguration.framework; sourceTree = SDKROOT; };
		917EFBA71574B285006D9B03 /* QuartzCore.framework */ = {isa = PBXFileReference; lastKnownFileType = wrapper.framework; name = QuartzCore.framework; path = System/Library/Frameworks/QuartzCore.framework; sourceTree = SDKROOT; };
		917EFBA91574B295006D9B03 /* libxml2.dylib */ = {isa = PBXFileReference; lastKnownFileType = "compiled.mach-o.dylib"; name = libxml2.dylib; path = usr/lib/libxml2.dylib; sourceTree = SDKROOT; };
		9188485E1588448C0028B1AE /* exproposRestkit.h */ = {isa = PBXFileReference; fileEncoding = 4; lastKnownFileType = sourcecode.c.h; path = exproposRestkit.h; sourceTree = "<group>"; };
		9188485F1588448C0028B1AE /* exproposRestkit.m */ = {isa = PBXFileReference; fileEncoding = 4; lastKnownFileType = sourcecode.c.objc; path = exproposRestkit.m; sourceTree = "<group>"; };
		91E1C8E91581F1A80003B22D /* expropos.xcdatamodel */ = {isa = PBXFileReference; lastKnownFileType = wrapper.xcdatamodel; path = expropos.xcdatamodel; sourceTree = "<group>"; };
/* End PBXFileReference section */

/* Begin PBXFrameworksBuildPhase section */
		914BB28C15746A6B009FFBAE /* Frameworks */ = {
			isa = PBXFrameworksBuildPhase;
			buildActionMask = 2147483647;
			files = (
				917EFBAA1574B295006D9B03 /* libxml2.dylib in Frameworks */,
				917EFBA81574B285006D9B03 /* QuartzCore.framework in Frameworks */,
				917EFBA61574B269006D9B03 /* SystemConfiguration.framework in Frameworks */,
				917EFBA41574B25E006D9B03 /* Security.framework in Frameworks */,
				917EFBA21574B251006D9B03 /* MobileCoreServices.framework in Frameworks */,
				917EFBA01574B23F006D9B03 /* CoreData.framework in Frameworks */,
				917EFB9E1574B22F006D9B03 /* CFNetwork.framework in Frameworks */,
				917EFB9C1574B1EB006D9B03 /* libRestKit.a in Frameworks */,
				914BB29415746A6B009FFBAE /* UIKit.framework in Frameworks */,
				914BB29615746A6B009FFBAE /* Foundation.framework in Frameworks */,
				914BB29815746A6B009FFBAE /* CoreGraphics.framework in Frameworks */,
			);
			runOnlyForDeploymentPostprocessing = 0;
		};
/* End PBXFrameworksBuildPhase section */

/* Begin PBXGroup section */
		9149D5B0158324F5006A9FBF /* DataModel */ = {
			isa = PBXGroup;
			children = (
				91E1C8E81581F1A80003B22D /* expropos.xcdatamodeld */,
				911561CD15872E4D007CE064 /* ExproStore.h */,
				911561CE15872E4D007CE064 /* ExproStore.m */,
				911561CA15872E4D007CE064 /* ExproMerchant.h */,
				911561CB15872E4D007CE064 /* ExproMerchant.m */,
				914BA6BF15870A9F00D6028D /* ExproWarehouseWarrant.h */,
				914BA6C015870A9F00D6028D /* ExproWarehouseWarrant.m */,
				914BA6BC15870A9F00D6028D /* ExproRouteTable.h */,
				914BA6BD15870A9F00D6028D /* ExproRouteTable.m */,
				914BA6B915870A9F00D6028D /* ExproMember.h */,
				914BA6BA15870A9F00D6028D /* ExproMember.m */,
				914BA6B615870A9F00D6028D /* ExproGoodsType.h */,
				914BA6B715870A9F00D6028D /* ExproGoodsType.m */,
				914BA6B315870A9F00D6028D /* ExproWarehouseWarrantItem.h */,
				914BA6B415870A9F00D6028D /* ExproWarehouseWarrantItem.m */,
				914BA6B015870A9F00D6028D /* ExproRole.h */,
				914BA6B115870A9F00D6028D /* ExproRole.m */,
				914BA6AD15870A9E00D6028D /* ExproWarehouse.h */,
				914BA6AE15870A9E00D6028D /* ExproWarehouse.m */,
				914BA6AA15870A9E00D6028D /* ExproDeal.h */,
				914BA6AB15870A9E00D6028D /* ExproDeal.m */,
				914BA6A715870A9E00D6028D /* ExproGoods.h */,
				914BA6A815870A9E00D6028D /* ExproGoods.m */,
				914BA6A115870A9E00D6028D /* ExproDealItem.h */,
				914BA6A215870A9E00D6028D /* ExproDealItem.m */,
				914BA69E15870A9E00D6028D /* ExproUser.h */,
				914BA69F15870A9E00D6028D /* ExproUser.m */,
			);
			name = DataModel;
			path = ..;
			sourceTree = "<group>";
		};
		914BB28415746A6B009FFBAE = {
			isa = PBXGroup;
			children = (
				914BB29915746A6B009FFBAE /* expropos */,
				914BB29215746A6B009FFBAE /* Frameworks */,
				914BB29015746A6B009FFBAE /* Products */,
			);
			sourceTree = "<group>";
		};
		914BB29015746A6B009FFBAE /* Products */ = {
			isa = PBXGroup;
			children = (
				914BB28F15746A6B009FFBAE /* expropos.app */,
			);
			name = Products;
			sourceTree = "<group>";
		};
		914BB29215746A6B009FFBAE /* Frameworks */ = {
			isa = PBXGroup;
			children = (
				917EFB841574B0B1006D9B03 /* RestKit.xcodeproj */,
				917EFBA91574B295006D9B03 /* libxml2.dylib */,
				917EFBA71574B285006D9B03 /* QuartzCore.framework */,
				917EFBA51574B269006D9B03 /* SystemConfiguration.framework */,
				917EFBA31574B25E006D9B03 /* Security.framework */,
				917EFBA11574B251006D9B03 /* MobileCoreServices.framework */,
				917EFB9F1574B23F006D9B03 /* CoreData.framework */,
				917EFB9D1574B22F006D9B03 /* CFNetwork.framework */,
				914BB29315746A6B009FFBAE /* UIKit.framework */,
				914BB29515746A6B009FFBAE /* Foundation.framework */,
				914BB29715746A6B009FFBAE /* CoreGraphics.framework */,
			);
			name = Frameworks;
			sourceTree = "<group>";
		};
		914BB29915746A6B009FFBAE /* expropos */ = {
			isa = PBXGroup;
			children = (
				9149D5B0158324F5006A9FBF /* DataModel */,
				914BB2A215746A6B009FFBAE /* exproposAppDelegate.h */,
				914BB2A315746A6B009FFBAE /* exproposAppDelegate.m */,
				914BB2A515746A6B009FFBAE /* MainStoryboard.storyboard */,
				914BB2A815746A6C009FFBAE /* exproposViewController.h */,
				914BB2A915746A6C009FFBAE /* exproposViewController.m */,
				914BB29A15746A6B009FFBAE /* Supporting Files */,
				9120E1921574C25700400D05 /* exproposMainViewController.h */,
				9120E1931574C25700400D05 /* exproposMainViewController.m */,
				9188485E1588448C0028B1AE /* exproposRestkit.h */,
				9188485F1588448C0028B1AE /* exproposRestkit.m */,
			);
			path = expropos;
			sourceTree = "<group>";
		};
		914BB29A15746A6B009FFBAE /* Supporting Files */ = {
			isa = PBXGroup;
			children = (
				914BB2B41574766D009FFBAE /* README.md */,
				914BB29B15746A6B009FFBAE /* expropos-Info.plist */,
				914BB29C15746A6B009FFBAE /* InfoPlist.strings */,
				914BB29F15746A6B009FFBAE /* main.m */,
				914BB2A115746A6B009FFBAE /* expropos-Prefix.pch */,
				916674191588651100D8A584 /* RKSeedDatabase.sqlite */,
			);
			name = "Supporting Files";
			sourceTree = "<group>";
		};
		917EFB851574B0B1006D9B03 /* Products */ = {
			isa = PBXGroup;
			children = (
				917EFB901574B0B2006D9B03 /* libRestKit.a */,
				917EFB921574B0B2006D9B03 /* RestKitTests.octest */,
				917EFB941574B0B2006D9B03 /* RestKit.framework */,
				917EFB961574B0B2006D9B03 /* RestKitFrameworkTests.octest */,
				917EFB981574B0B2006D9B03 /* RestKitResources.bundle */,
			);
			name = Products;
			sourceTree = "<group>";
		};
/* End PBXGroup section */

/* Begin PBXNativeTarget section */
		914BB28E15746A6B009FFBAE /* expropos */ = {
			isa = PBXNativeTarget;
			buildConfigurationList = 914BB2AD15746A6C009FFBAE /* Build configuration list for PBXNativeTarget "expropos" */;
			buildPhases = (
				914BB28B15746A6B009FFBAE /* Sources */,
				914BB28C15746A6B009FFBAE /* Frameworks */,
				914BB28D15746A6B009FFBAE /* Resources */,
			);
			buildRules = (
			);
			dependencies = (
				917EFB9B1574B1BC006D9B03 /* PBXTargetDependency */,
			);
			name = expropos;
			productName = expropos;
			productReference = 914BB28F15746A6B009FFBAE /* expropos.app */;
			productType = "com.apple.product-type.application";
		};
/* End PBXNativeTarget section */

/* Begin PBXProject section */
		914BB28615746A6B009FFBAE /* Project object */ = {
			isa = PBXProject;
			attributes = {
				CLASSPREFIX = expropos;
				LastUpgradeCheck = 0430;
			};
			buildConfigurationList = 914BB28915746A6B009FFBAE /* Build configuration list for PBXProject "expropos" */;
			compatibilityVersion = "Xcode 3.2";
			developmentRegion = English;
			hasScannedForEncodings = 0;
			knownRegions = (
				en,
			);
			mainGroup = 914BB28415746A6B009FFBAE;
			productRefGroup = 914BB29015746A6B009FFBAE /* Products */;
			projectDirPath = "";
			projectReferences = (
				{
					ProductGroup = 917EFB851574B0B1006D9B03 /* Products */;
					ProjectRef = 917EFB841574B0B1006D9B03 /* RestKit.xcodeproj */;
				},
			);
			projectRoot = "";
			targets = (
				914BB28E15746A6B009FFBAE /* expropos */,
			);
		};
/* End PBXProject section */

/* Begin PBXReferenceProxy section */
		917EFB901574B0B2006D9B03 /* libRestKit.a */ = {
			isa = PBXReferenceProxy;
			fileType = archive.ar;
			path = libRestKit.a;
			remoteRef = 917EFB8F1574B0B2006D9B03 /* PBXContainerItemProxy */;
			sourceTree = BUILT_PRODUCTS_DIR;
		};
		917EFB921574B0B2006D9B03 /* RestKitTests.octest */ = {
			isa = PBXReferenceProxy;
			fileType = wrapper.cfbundle;
			path = RestKitTests.octest;
			remoteRef = 917EFB911574B0B2006D9B03 /* PBXContainerItemProxy */;
			sourceTree = BUILT_PRODUCTS_DIR;
		};
		917EFB941574B0B2006D9B03 /* RestKit.framework */ = {
			isa = PBXReferenceProxy;
			fileType = wrapper.framework;
			path = RestKit.framework;
			remoteRef = 917EFB931574B0B2006D9B03 /* PBXContainerItemProxy */;
			sourceTree = BUILT_PRODUCTS_DIR;
		};
		917EFB961574B0B2006D9B03 /* RestKitFrameworkTests.octest */ = {
			isa = PBXReferenceProxy;
			fileType = wrapper.cfbundle;
			path = RestKitFrameworkTests.octest;
			remoteRef = 917EFB951574B0B2006D9B03 /* PBXContainerItemProxy */;
			sourceTree = BUILT_PRODUCTS_DIR;
		};
		917EFB981574B0B2006D9B03 /* RestKitResources.bundle */ = {
			isa = PBXReferenceProxy;
			fileType = wrapper.cfbundle;
			path = RestKitResources.bundle;
			remoteRef = 917EFB971574B0B2006D9B03 /* PBXContainerItemProxy */;
			sourceTree = BUILT_PRODUCTS_DIR;
		};
/* End PBXReferenceProxy section */

/* Begin PBXResourcesBuildPhase section */
		914BB28D15746A6B009FFBAE /* Resources */ = {
			isa = PBXResourcesBuildPhase;
			buildActionMask = 2147483647;
			files = (
				914BB29E15746A6B009FFBAE /* InfoPlist.strings in Resources */,
				914BB2A715746A6C009FFBAE /* MainStoryboard.storyboard in Resources */,
				914BB2B51574766D009FFBAE /* README.md in Resources */,
				9166741A1588651100D8A584 /* RKSeedDatabase.sqlite in Resources */,
			);
			runOnlyForDeploymentPostprocessing = 0;
		};
/* End PBXResourcesBuildPhase section */

/* Begin PBXSourcesBuildPhase section */
		914BB28B15746A6B009FFBAE /* Sources */ = {
			isa = PBXSourcesBuildPhase;
			buildActionMask = 2147483647;
			files = (
				914BB2A015746A6B009FFBAE /* main.m in Sources */,
				914BB2A415746A6B009FFBAE /* exproposAppDelegate.m in Sources */,
				914BB2AA15746A6C009FFBAE /* exproposViewController.m in Sources */,
				9120E1941574C25700400D05 /* exproposMainViewController.m in Sources */,
				91E1C8EA1581F1A80003B22D /* expropos.xcdatamodeld in Sources */,
				914BA6A015870A9E00D6028D /* ExproUser.m in Sources */,
				914BA6A315870A9E00D6028D /* ExproDealItem.m in Sources */,
				914BA6A915870A9E00D6028D /* ExproGoods.m in Sources */,
				914BA6AC15870A9E00D6028D /* ExproDeal.m in Sources */,
				914BA6AF15870A9E00D6028D /* ExproWarehouse.m in Sources */,
				914BA6B215870A9F00D6028D /* ExproRole.m in Sources */,
				914BA6B515870A9F00D6028D /* ExproWarehouseWarrantItem.m in Sources */,
				914BA6B815870A9F00D6028D /* ExproGoodsType.m in Sources */,
				914BA6BB15870A9F00D6028D /* ExproMember.m in Sources */,
				914BA6BE15870A9F00D6028D /* ExproRouteTable.m in Sources */,
				914BA6C115870A9F00D6028D /* ExproWarehouseWarrant.m in Sources */,
				911561CC15872E4D007CE064 /* ExproMerchant.m in Sources */,
				911561CF15872E4D007CE064 /* ExproStore.m in Sources */,
				918848601588448C0028B1AE /* exproposRestkit.m in Sources */,
			);
			runOnlyForDeploymentPostprocessing = 0;
		};
/* End PBXSourcesBuildPhase section */

/* Begin PBXTargetDependency section */
		917EFB9B1574B1BC006D9B03 /* PBXTargetDependency */ = {
			isa = PBXTargetDependency;
			name = RestKit;
			targetProxy = 917EFB9A1574B1BC006D9B03 /* PBXContainerItemProxy */;
		};
/* End PBXTargetDependency section */

/* Begin PBXVariantGroup section */
		914BB29C15746A6B009FFBAE /* InfoPlist.strings */ = {
			isa = PBXVariantGroup;
			children = (
				914BB29D15746A6B009FFBAE /* en */,
			);
			name = InfoPlist.strings;
			sourceTree = "<group>";
		};
		914BB2A515746A6B009FFBAE /* MainStoryboard.storyboard */ = {
			isa = PBXVariantGroup;
			children = (
				914BB2A615746A6C009FFBAE /* en */,
			);
			name = MainStoryboard.storyboard;
			sourceTree = "<group>";
		};
/* End PBXVariantGroup section */

/* Begin XCBuildConfiguration section */
		914BB2AB15746A6C009FFBAE /* Debug */ = {
			isa = XCBuildConfiguration;
			buildSettings = {
				ALWAYS_SEARCH_USER_PATHS = NO;
				ARCHS = "$(ARCHS_STANDARD_32_BIT)";
				CLANG_ENABLE_OBJC_ARC = YES;
				"CODE_SIGN_IDENTITY[sdk=iphoneos*]" = "iPhone Developer";
				COPY_PHASE_STRIP = NO;
				GCC_C_LANGUAGE_STANDARD = gnu99;
				GCC_DYNAMIC_NO_PIC = NO;
				GCC_OPTIMIZATION_LEVEL = 0;
				GCC_PREPROCESSOR_DEFINITIONS = (
					"DEBUG=1",
					"$(inherited)",
				);
				GCC_SYMBOLS_PRIVATE_EXTERN = NO;
				GCC_VERSION = com.apple.compilers.llvm.clang.1_0;
				GCC_WARN_ABOUT_RETURN_TYPE = YES;
				GCC_WARN_UNINITIALIZED_AUTOS = YES;
				GCC_WARN_UNUSED_VARIABLE = YES;
				IPHONEOS_DEPLOYMENT_TARGET = 5.1;
				SDKROOT = iphoneos;
				TARGETED_DEVICE_FAMILY = 2;
			};
			name = Debug;
		};
		914BB2AC15746A6C009FFBAE /* Release */ = {
			isa = XCBuildConfiguration;
			buildSettings = {
				ALWAYS_SEARCH_USER_PATHS = NO;
				ARCHS = "$(ARCHS_STANDARD_32_BIT)";
				CLANG_ENABLE_OBJC_ARC = YES;
				"CODE_SIGN_IDENTITY[sdk=iphoneos*]" = "iPhone Developer";
				COPY_PHASE_STRIP = YES;
				GCC_C_LANGUAGE_STANDARD = gnu99;
				GCC_VERSION = com.apple.compilers.llvm.clang.1_0;
				GCC_WARN_ABOUT_RETURN_TYPE = YES;
				GCC_WARN_UNINITIALIZED_AUTOS = YES;
				GCC_WARN_UNUSED_VARIABLE = YES;
				IPHONEOS_DEPLOYMENT_TARGET = 5.1;
				OTHER_CFLAGS = "-DNS_BLOCK_ASSERTIONS=1";
				SDKROOT = iphoneos;
				TARGETED_DEVICE_FAMILY = 2;
				VALIDATE_PRODUCT = YES;
			};
			name = Release;
		};
		914BB2AE15746A6C009FFBAE /* Debug */ = {
			isa = XCBuildConfiguration;
			buildSettings = {
				GCC_PRECOMPILE_PREFIX_HEADER = YES;
				GCC_PREFIX_HEADER = "expropos/expropos-Prefix.pch";
				HEADER_SEARCH_PATHS = "\"$(BUILT_PRODUCTS_DIR)/../../Headers\"";
				INFOPLIST_FILE = "expropos/expropos-Info.plist";
				OTHER_LDFLAGS = (
					"-ObjC",
					"-all_load",
				);
				PRODUCT_NAME = "$(TARGET_NAME)";
				WRAPPER_EXTENSION = app;
			};
			name = Debug;
		};
		914BB2AF15746A6C009FFBAE /* Release */ = {
			isa = XCBuildConfiguration;
			buildSettings = {
				GCC_PRECOMPILE_PREFIX_HEADER = YES;
				GCC_PREFIX_HEADER = "expropos/expropos-Prefix.pch";
				HEADER_SEARCH_PATHS = "\"$(BUILT_PRODUCTS_DIR)/../../Headers\"";
				INFOPLIST_FILE = "expropos/expropos-Info.plist";
				OTHER_LDFLAGS = (
					"-ObjC",
					"-all_load",
				);
				PRODUCT_NAME = "$(TARGET_NAME)";
				WRAPPER_EXTENSION = app;
			};
			name = Release;
		};
/* End XCBuildConfiguration section */

/* Begin XCConfigurationList section */
		914BB28915746A6B009FFBAE /* Build configuration list for PBXProject "expropos" */ = {
			isa = XCConfigurationList;
			buildConfigurations = (
				914BB2AB15746A6C009FFBAE /* Debug */,
				914BB2AC15746A6C009FFBAE /* Release */,
			);
			defaultConfigurationIsVisible = 0;
			defaultConfigurationName = Release;
		};
		914BB2AD15746A6C009FFBAE /* Build configuration list for PBXNativeTarget "expropos" */ = {
			isa = XCConfigurationList;
			buildConfigurations = (
				914BB2AE15746A6C009FFBAE /* Debug */,
				914BB2AF15746A6C009FFBAE /* Release */,
			);
			defaultConfigurationIsVisible = 0;
			defaultConfigurationName = Release;
		};
/* End XCConfigurationList section */

/* Begin XCVersionGroup section */
		91E1C8E81581F1A80003B22D /* expropos.xcdatamodeld */ = {
			isa = XCVersionGroup;
			children = (
				91E1C8E91581F1A80003B22D /* expropos.xcdatamodel */,
			);
			currentVersion = 91E1C8E91581F1A80003B22D /* expropos.xcdatamodel */;
			name = expropos.xcdatamodeld;
			path = expropos/expropos.xcdatamodeld;
			sourceTree = "<group>";
			versionGroupType = wrapper.xcdatamodel;
		};
/* End XCVersionGroup section */
	};
	rootObject = 914BB28615746A6B009FFBAE /* Project object */;
}
